
Microsoft Visual Studio Solution File, Format Version 12.00
# Visual Studio Version 17
VisualStudioVersion = 17.8.34330.188
MinimumVisualStudioVersion = 10.0.40219.1
Project("{888888A0-9F3D-457C-B088-3A5042F75D52}") = "PainterPlus5", "PainterPlus5.pyproj", "{DE534ACB-8D24-46BF-B77A-BEE28510068A}"
EndProject
Global
	GlobalSection(SolutionConfigurationPlatforms) = preSolution
		Debug|Any CPU = Debug|Any CPU
		Release|Any CPU = Release|Any CPU
	EndGlobalSection
	GlobalSection(ProjectConfigurationPlatforms) = postSolution
		{DE534ACB-8D24-46BF-B77A-BEE28510068A}.Debug|Any CPU.ActiveCfg = Debug|Any CPU
		{DE534ACB-8D24-46BF-B77A-BEE28510068A}.Release|Any CPU.ActiveCfg = Release|Any CPU
	EndGlobalSection
	GlobalSection(SolutionProperties) = preSolution
		HideSolutionNode = FALSE
	EndGlobalSection
	GlobalSection(ExtensibilityGlobals) = postSolution
		SolutionGuid = {A073AC72-34B1-487E-A090-A9E5485F1064}
	EndGlobalSection
EndGlobal
